
Microsoft Visual Studio Solution File, Format Version 12.00
# Visual Studio 2013
VisualStudioVersion = 12.0.30723.0
MinimumVisualStudioVersion = 10.0.40219.1
Project("{FAE04EC0-301F-11D3-BF4B-00C04F79EFBC}") = "LinkedList", "LinkedList\LinkedList.csproj", "{2DA4A4D8-FC7F-4B85-8427-9F1107E71A4F}"
EndProject
Project("{FAE04EC0-301F-11D3-BF4B-00C04F79EFBC}") = "Trees", "Trees\Trees.csproj", "{111DD265-D9CC-4EFF-BBD3-B4E9254C0363}"
EndProject
Project("{FAE04EC0-301F-11D3-BF4B-00C04F79EFBC}") = "Hashes", "Hashes\Hashes.csproj", "{8B25FB41-BBE2-4B09-900B-75F1E25C77C7}"
EndProject
Global
	GlobalSection(SolutionConfigurationPlatforms) = preSolution
		Debug|Any CPU = Debug|Any CPU
		Release|Any CPU = Release|Any CPU
	EndGlobalSection
	GlobalSection(ProjectConfigurationPlatforms) = postSolution
		{2DA4A4D8-FC7F-4B85-8427-9F1107E71A4F}.Debug|Any CPU.ActiveCfg = Debug|Any CPU
		{2DA4A4D8-FC7F-4B85-8427-9F1107E71A4F}.Debug|Any CPU.Build.0 = Debug|Any CPU
		{2DA4A4D8-FC7F-4B85-8427-9F1107E71A4F}.Release|Any CPU.ActiveCfg = Release|Any CPU
		{2DA4A4D8-FC7F-4B85-8427-9F1107E71A4F}.Release|Any CPU.Build.0 = Release|Any CPU
		{111DD265-D9CC-4EFF-BBD3-B4E9254C0363}.Debug|Any CPU.ActiveCfg = Debug|Any CPU
		{111DD265-D9CC-4EFF-BBD3-B4E9254C0363}.Debug|Any CPU.Build.0 = Debug|Any CPU
		{111DD265-D9CC-4EFF-BBD3-B4E9254C0363}.Release|Any CPU.ActiveCfg = Release|Any CPU
		{111DD265-D9CC-4EFF-BBD3-B4E9254C0363}.Release|Any CPU.Build.0 = Release|Any CPU
		{8B25FB41-BBE2-4B09-900B-75F1E25C77C7}.Debug|Any CPU.ActiveCfg = Debug|Any CPU
		{8B25FB41-BBE2-4B09-900B-75F1E25C77C7}.Debug|Any CPU.Build.0 = Debug|Any CPU
		{8B25FB41-BBE2-4B09-900B-75F1E25C77C7}.Release|Any CPU.ActiveCfg = Release|Any CPU
		{8B25FB41-BBE2-4B09-900B-75F1E25C77C7}.Release|Any CPU.Build.0 = Release|Any CPU
	EndGlobalSection
	GlobalSection(SolutionProperties) = preSolution
		HideSolutionNode = FALSE
	EndGlobalSection
EndGlobal
